
Microsoft Visual Studio Solution File, Format Version 12.00
# Visual Studio Version 17
VisualStudioVersion = 17.14.36518.9 d17.14
MinimumVisualStudioVersion = 10.0.40219.1
Project("{FAE04EC0-301F-11D3-BF4B-00C04F79EFBC}") = "SkkmNugetSample", "SkkmNugetSample.csproj", "{3D4859C1-D60C-FB88-C1AD-AB31DB04EEDF}"
EndProject
Global
	GlobalSection(SolutionConfigurationPlatforms) = preSolution
		Debug|Any CPU = Debug|Any CPU
		Release|Any CPU = Release|Any CPU
	EndGlobalSection
	GlobalSection(ProjectConfigurationPlatforms) = postSolution
		{3D4859C1-D60C-FB88-C1AD-AB31DB04EEDF}.Debug|Any CPU.ActiveCfg = Debug|Any CPU
		{3D4859C1-D60C-FB88-C1AD-AB31DB04EEDF}.Debug|Any CPU.Build.0 = Debug|Any CPU
		{3D4859C1-D60C-FB88-C1AD-AB31DB04EEDF}.Release|Any CPU.ActiveCfg = Release|Any CPU
		{3D4859C1-D60C-FB88-C1AD-AB31DB04EEDF}.Release|Any CPU.Build.0 = Release|Any CPU
	EndGlobalSection
	GlobalSection(SolutionProperties) = preSolution
		HideSolutionNode = FALSE
	EndGlobalSection
	GlobalSection(ExtensibilityGlobals) = postSolution
		SolutionGuid = {0D5D579D-E59E-4AC2-8DCE-19426F96B595}
	EndGlobalSection
EndGlobal
